
Microsoft Visual Studio Solution File, Format Version 11.00
# Visual Studio 2010
Project("{FAE04EC0-301F-11D3-BF4B-00C04F79EFBC}") = "Assembly-CSharp", "Assembly-CSharp.csproj", "{196f66f3-c603-aa66-b376-937459aa228b}"
EndProject
Project("{FAE04EC0-301F-11D3-BF4B-00C04F79EFBC}") = "Assembly-CSharp-Editor", "Assembly-CSharp-Editor.csproj", "{ef7a7058-63bd-6176-fde1-ea995abe0c0e}"
EndProject
Global
	GlobalSection(SolutionConfigurationPlatforms) = preSolution
		Debug|Any CPU = Debug|Any CPU
	EndGlobalSection
	GlobalSection(ProjectConfigurationPlatforms) = postSolution
		{196f66f3-c603-aa66-b376-937459aa228b}.Debug|Any CPU.ActiveCfg = Debug|Any CPU
		{196f66f3-c603-aa66-b376-937459aa228b}.Debug|Any CPU.Build.0 = Debug|Any CPU
		{ef7a7058-63bd-6176-fde1-ea995abe0c0e}.Debug|Any CPU.ActiveCfg = Debug|Any CPU
		{ef7a7058-63bd-6176-fde1-ea995abe0c0e}.Debug|Any CPU.Build.0 = Debug|Any CPU
	EndGlobalSection
	GlobalSection(SolutionProperties) = preSolution
		HideSolutionNode = FALSE
	EndGlobalSection
EndGlobal
